
Microsoft Visual Studio Solution File, Format Version 12.00
# Visual Studio 15
Project("{FAE04EC0-301F-11D3-BF4B-00C04F79EFBC}") = "FMODUnity", "FMODUnity.csproj", "{A9137B2C-5C38-3958-7077-ECB74915633A}"
EndProject
Project("{FAE04EC0-301F-11D3-BF4B-00C04F79EFBC}") = "Assembly-CSharp", "Assembly-CSharp.csproj", "{C27A99C1-18A6-7BA8-6A69-65C5DE477F38}"
EndProject
Project("{FAE04EC0-301F-11D3-BF4B-00C04F79EFBC}") = "FMODUnityResonance", "FMODUnityResonance.csproj", "{4919FBA2-3E75-2E46-FD3E-591FA53F7D6B}"
EndProject
Project("{FAE04EC0-301F-11D3-BF4B-00C04F79EFBC}") = "FMODUnityEditor", "FMODUnityEditor.csproj", "{E4EC29D2-99BB-55DA-3161-FAC66532F593}"
EndProject
Project("{FAE04EC0-301F-11D3-BF4B-00C04F79EFBC}") = "Assembly-CSharp-Editor", "Assembly-CSharp-Editor.csproj", "{E7BA9906-4050-0315-831C-37F0186F1AC3}"
EndProject
Project("{FAE04EC0-301F-11D3-BF4B-00C04F79EFBC}") = "FMODUnityResonanceEditor", "FMODUnityResonanceEditor.csproj", "{858F7A72-21C2-2EF3-6810-6102F32BD23C}"
EndProject
Global
	GlobalSection(SolutionConfigurationPlatforms) = preSolution
		Debug|Any CPU = Debug|Any CPU
		Release|Any CPU = Release|Any CPU
	EndGlobalSection
	GlobalSection(ProjectConfigurationPlatforms) = postSolution
		{A9137B2C-5C38-3958-7077-ECB74915633A}.Debug|Any CPU.ActiveCfg = Debug|Any CPU
		{A9137B2C-5C38-3958-7077-ECB74915633A}.Debug|Any CPU.Build.0 = Debug|Any CPU
		{A9137B2C-5C38-3958-7077-ECB74915633A}.Release|Any CPU.ActiveCfg = Release|Any CPU
		{A9137B2C-5C38-3958-7077-ECB74915633A}.Release|Any CPU.Build.0 = Release|Any CPU
		{C27A99C1-18A6-7BA8-6A69-65C5DE477F38}.Debug|Any CPU.ActiveCfg = Debug|Any CPU
		{C27A99C1-18A6-7BA8-6A69-65C5DE477F38}.Debug|Any CPU.Build.0 = Debug|Any CPU
		{C27A99C1-18A6-7BA8-6A69-65C5DE477F38}.Release|Any CPU.ActiveCfg = Release|Any CPU
		{C27A99C1-18A6-7BA8-6A69-65C5DE477F38}.Release|Any CPU.Build.0 = Release|Any CPU
		{4919FBA2-3E75-2E46-FD3E-591FA53F7D6B}.Debug|Any CPU.ActiveCfg = Debug|Any CPU
		{4919FBA2-3E75-2E46-FD3E-591FA53F7D6B}.Debug|Any CPU.Build.0 = Debug|Any CPU
		{4919FBA2-3E75-2E46-FD3E-591FA53F7D6B}.Release|Any CPU.ActiveCfg = Release|Any CPU
		{4919FBA2-3E75-2E46-FD3E-591FA53F7D6B}.Release|Any CPU.Build.0 = Release|Any CPU
		{E4EC29D2-99BB-55DA-3161-FAC66532F593}.Debug|Any CPU.ActiveCfg = Debug|Any CPU
		{E4EC29D2-99BB-55DA-3161-FAC66532F593}.Debug|Any CPU.Build.0 = Debug|Any CPU
		{E4EC29D2-99BB-55DA-3161-FAC66532F593}.Release|Any CPU.ActiveCfg = Release|Any CPU
		{E4EC29D2-99BB-55DA-3161-FAC66532F593}.Release|Any CPU.Build.0 = Release|Any CPU
		{E7BA9906-4050-0315-831C-37F0186F1AC3}.Debug|Any CPU.ActiveCfg = Debug|Any CPU
		{E7BA9906-4050-0315-831C-37F0186F1AC3}.Debug|Any CPU.Build.0 = Debug|Any CPU
		{E7BA9906-4050-0315-831C-37F0186F1AC3}.Release|Any CPU.ActiveCfg = Release|Any CPU
		{E7BA9906-4050-0315-831C-37F0186F1AC3}.Release|Any CPU.Build.0 = Release|Any CPU
		{858F7A72-21C2-2EF3-6810-6102F32BD23C}.Debug|Any CPU.ActiveCfg = Debug|Any CPU
		{858F7A72-21C2-2EF3-6810-6102F32BD23C}.Debug|Any CPU.Build.0 = Debug|Any CPU
		{858F7A72-21C2-2EF3-6810-6102F32BD23C}.Release|Any CPU.ActiveCfg = Release|Any CPU
		{858F7A72-21C2-2EF3-6810-6102F32BD23C}.Release|Any CPU.Build.0 = Release|Any CPU
	EndGlobalSection
	GlobalSection(SolutionProperties) = preSolution
		HideSolutionNode = FALSE
	EndGlobalSection
EndGlobal
